
Microsoft Visual Studio Solution File, Format Version 12.00
# Visual Studio Version 17
VisualStudioVersion = 17.0.31912.275
MinimumVisualStudioVersion = 10.0.40219.1
Project("{FAE04EC0-301F-11D3-BF4B-00C04F79EFBC}") = "CircularSeasManager.UWP", "User\CircularSeasManager.UWP\CircularSeasManager.UWP.csproj", "{E3DD8BC6-7019-49FC-8BB3-61E4BB5F82DF}"
EndProject
Project("{FAE04EC0-301F-11D3-BF4B-00C04F79EFBC}") = "CircularSeasManager.Android", "User\CircularSeasManager.Android\CircularSeasManager.Android.csproj", "{3C95547D-F2BB-461B-B017-1DB0CD6B159A}"
EndProject
Project("{9A19103F-16F7-4668-BE54-9A1E7A4F7556}") = "CircularSeasManager", "User\CircularSeasManager\CircularSeasManager.csproj", "{3B60034A-3585-4E85-84F2-2D46B343E235}"
EndProject
Project("{2150E333-8FDC-42A3-9474-1A3956D46DE8}") = "User", "User", "{2A00B2F4-578F-4513-87A7-F070C9BBD022}"
EndProject
Project("{2150E333-8FDC-42A3-9474-1A3956D46DE8}") = "Tools", "Tools", "{1A2D30C5-7EED-4FBD-831E-EB554B081112}"
EndProject
Project("{2150E333-8FDC-42A3-9474-1A3956D46DE8}") = "Domain", "Domain", "{7BBB9187-B81A-40A9-9564-8C5C729076D7}"
EndProject
Project("{9A19103F-16F7-4668-BE54-9A1E7A4F7556}") = "CircularSeas.Models", "Domain\CircularSeas.Models\CircularSeas.Models.csproj", "{FA73D6A7-0BB6-44B6-A082-C131F29ECA4C}"
EndProject
Project("{9A19103F-16F7-4668-BE54-9A1E7A4F7556}") = "CircularSeas.Tools.BundleConfigurator", "Tools\CircularSeas.Tools.BundleConfigurator\CircularSeas.Tools.BundleConfigurator.csproj", "{CD9C99CB-DC8C-48FA-9B89-4B8BC53DA3CF}"
EndProject
Project("{2150E333-8FDC-42A3-9474-1A3956D46DE8}") = "Infrastructure", "Infrastructure", "{76257145-EAFF-4CC6-8E7F-9A6BCCE6FF60}"
EndProject
Project("{9A19103F-16F7-4668-BE54-9A1E7A4F7556}") = "CircularSeas.Infrastructure.DB", "Infrastructure\CircularSeas.Infrastructure.DB\CircularSeas.Infrastructure.DB.csproj", "{B15DE2C5-E2BC-40AA-A442-70F8A16D8783}"
EndProject
Project("{9A19103F-16F7-4668-BE54-9A1E7A4F7556}") = "CircularSeas.Cloud.Server", "User\CircularSeas.Cloud\Server\CircularSeas.Cloud.Server.csproj", "{809279F1-7F4F-4F01-8D18-D25F246158E0}"
EndProject
Project("{9A19103F-16F7-4668-BE54-9A1E7A4F7556}") = "CircularSeas.Cloud.Client", "User\CircularSeas.Cloud\Client\CircularSeas.Cloud.Client.csproj", "{B2AB0B5B-B5AB-4C42-8292-A3CC1A8A3453}"
EndProject
Project("{9A19103F-16F7-4668-BE54-9A1E7A4F7556}") = "CircularSeas.Infrastructure.GenPDF", "Infrastructure\CircularSeas.Infrastructure.GenPDF\CircularSeas.Infrastructure.GenPDF.csproj", "{43D8C204-0FDA-4C95-80C6-11B842D44E0C}"
EndProject
Project("{9A19103F-16F7-4668-BE54-9A1E7A4F7556}") = "CircularSeas.Adapters", "Domain\CircularSeas.Adapters\CircularSeas.Adapters.csproj", "{B06659F5-7EAE-42FB-A2C9-A7A72E634576}"
EndProject
Project("{9A19103F-16F7-4668-BE54-9A1E7A4F7556}") = "CircularSeas.IoC", "User\CircularSeas.IoC\CircularSeas.IoC.csproj", "{A6F07F24-85DC-4C3F-8464-D323E5B43AA6}"
EndProject
Project("{9A19103F-16F7-4668-BE54-9A1E7A4F7556}") = "CircularSeas.Infrastructure.PrusaSlicerCLI", "Infrastructure\CircularSeas.Infrastructure.PrusaSlicerCLI\CircularSeas.Infrastructure.PrusaSlicerCLI.csproj", "{E52086FC-2956-46B6-9815-4056B11C4C02}"
EndProject
Project("{9A19103F-16F7-4668-BE54-9A1E7A4F7556}") = "CircularSeas.Infrastructure.Logger", "Infrastructure\CircularSeas.Infrastructure.Logger\CircularSeas.Infrastructure.Logger.csproj", "{0BDF12F4-CACA-444B-9E8B-146D55C37CE1}"
EndProject
Global
	GlobalSection(SolutionConfigurationPlatforms) = preSolution
		Debug|Any CPU = Debug|Any CPU
		Debug|ARM = Debug|ARM
		Debug|x64 = Debug|x64
		Debug|x86 = Debug|x86
		Release|Any CPU = Release|Any CPU
		Release|ARM = Release|ARM
		Release|x64 = Release|x64
		Release|x86 = Release|x86
	EndGlobalSection
	GlobalSection(ProjectConfigurationPlatforms) = postSolution
		{E3DD8BC6-7019-49FC-8BB3-61E4BB5F82DF}.Debug|Any CPU.ActiveCfg = Debug|x86
		{E3DD8BC6-7019-49FC-8BB3-61E4BB5F82DF}.Debug|Any CPU.Build.0 = Debug|x86
		{E3DD8BC6-7019-49FC-8BB3-61E4BB5F82DF}.Debug|Any CPU.Deploy.0 = Debug|x86
		{E3DD8BC6-7019-49FC-8BB3-61E4BB5F82DF}.Debug|ARM.ActiveCfg = Debug|ARM
		{E3DD8BC6-7019-49FC-8BB3-61E4BB5F82DF}.Debug|ARM.Build.0 = Debug|ARM
		{E3DD8BC6-7019-49FC-8BB3-61E4BB5F82DF}.Debug|ARM.Deploy.0 = Debug|ARM
		{E3DD8BC6-7019-49FC-8BB3-61E4BB5F82DF}.Debug|x64.ActiveCfg = Debug|x64
		{E3DD8BC6-7019-49FC-8BB3-61E4BB5F82DF}.Debug|x64.Build.0 = Debug|x64
		{E3DD8BC6-7019-49FC-8BB3-61E4BB5F82DF}.Debug|x64.Deploy.0 = Debug|x64
		{E3DD8BC6-7019-49FC-8BB3-61E4BB5F82DF}.Debug|x86.ActiveCfg = Debug|x86
		{E3DD8BC6-7019-49FC-8BB3-61E4BB5F82DF}.Debug|x86.Build.0 = Debug|x86
		{E3DD8BC6-7019-49FC-8BB3-61E4BB5F82DF}.Debug|x86.Deploy.0 = Debug|x86
		{E3DD8BC6-7019-49FC-8BB3-61E4BB5F82DF}.Release|Any CPU.ActiveCfg = Release|x86
		{E3DD8BC6-7019-49FC-8BB3-61E4BB5F82DF}.Release|Any CPU.Build.0 = Release|x86
		{E3DD8BC6-7019-49FC-8BB3-61E4BB5F82DF}.Release|Any CPU.Deploy.0 = Release|x86
		{E3DD8BC6-7019-49FC-8BB3-61E4BB5F82DF}.Release|ARM.ActiveCfg = Release|ARM
		{E3DD8BC6-7019-49FC-8BB3-61E4BB5F82DF}.Release|ARM.Build.0 = Release|ARM
		{E3DD8BC6-7019-49FC-8BB3-61E4BB5F82DF}.Release|ARM.Deploy.0 = Release|ARM
		{E3DD8BC6-7019-49FC-8BB3-61E4BB5F82DF}.Release|x64.ActiveCfg = Release|x64
		{E3DD8BC6-7019-49FC-8BB3-61E4BB5F82DF}.Release|x64.Build.0 = Release|x64
		{E3DD8BC6-7019-49FC-8BB3-61E4BB5F82DF}.Release|x64.Deploy.0 = Release|x64
		{E3DD8BC6-7019-49FC-8BB3-61E4BB5F82DF}.Release|x86.ActiveCfg = Release|x86
		{E3DD8BC6-7019-49FC-8BB3-61E4BB5F82DF}.Release|x86.Build.0 = Release|x86
		{E3DD8BC6-7019-49FC-8BB3-61E4BB5F82DF}.Release|x86.Deploy.0 = Release|x86
		{3C95547D-F2BB-461B-B017-1DB0CD6B159A}.Debug|Any CPU.ActiveCfg = Debug|Any CPU
		{3C95547D-F2BB-461B-B017-1DB0CD6B159A}.Debug|Any CPU.Build.0 = Debug|Any CPU
		{3C95547D-F2BB-461B-B017-1DB0CD6B159A}.Debug|Any CPU.Deploy.0 = Debug|Any CPU
		{3C95547D-F2BB-461B-B017-1DB0CD6B159A}.Debug|ARM.ActiveCfg = Debug|Any CPU
		{3C95547D-F2BB-461B-B017-1DB0CD6B159A}.Debug|ARM.Build.0 = Debug|Any CPU
		{3C95547D-F2BB-461B-B017-1DB0CD6B159A}.Debug|ARM.Deploy.0 = Debug|Any CPU
		{3C95547D-F2BB-461B-B017-1DB0CD6B159A}.Debug|x64.ActiveCfg = Debug|Any CPU
		{3C95547D-F2BB-461B-B017-1DB0CD6B159A}.Debug|x64.Build.0 = Debug|Any CPU
		{3C95547D-F2BB-461B-B017-1DB0CD6B159A}.Debug|x64.Deploy.0 = Debug|Any CPU
		{3C95547D-F2BB-461B-B017-1DB0CD6B159A}.Debug|x86.ActiveCfg = Debug|Any CPU
		{3C95547D-F2BB-461B-B017-1DB0CD6B159A}.Debug|x86.Build.0 = Debug|Any CPU
		{3C95547D-F2BB-461B-B017-1DB0CD6B159A}.Debug|x86.Deploy.0 = Debug|Any CPU
		{3C95547D-F2BB-461B-B017-1DB0CD6B159A}.Release|Any CPU.ActiveCfg = Release|Any CPU
		{3C95547D-F2BB-461B-B017-1DB0CD6B159A}.Release|Any CPU.Build.0 = Release|Any CPU
		{3C95547D-F2BB-461B-B017-1DB0CD6B159A}.Release|Any CPU.Deploy.0 = Release|Any CPU
		{3C95547D-F2BB-461B-B017-1DB0CD6B159A}.Release|ARM.ActiveCfg = Release|Any CPU
		{3C95547D-F2BB-461B-B017-1DB0CD6B159A}.Release|ARM.Build.0 = Release|Any CPU
		{3C95547D-F2BB-461B-B017-1DB0CD6B159A}.Release|ARM.Deploy.0 = Release|Any CPU
		{3C95547D-F2BB-461B-B017-1DB0CD6B159A}.Release|x64.ActiveCfg = Release|Any CPU
		{3C95547D-F2BB-461B-B017-1DB0CD6B159A}.Release|x64.Build.0 = Release|Any CPU
		{3C95547D-F2BB-461B-B017-1DB0CD6B159A}.Release|x64.Deploy.0 = Release|Any CPU
		{3C95547D-F2BB-461B-B017-1DB0CD6B159A}.Release|x86.ActiveCfg = Release|Any CPU
		{3C95547D-F2BB-461B-B017-1DB0CD6B159A}.Release|x86.Build.0 = Release|Any CPU
		{3C95547D-F2BB-461B-B017-1DB0CD6B159A}.Release|x86.Deploy.0 = Release|Any CPU
		{3B60034A-3585-4E85-84F2-2D46B343E235}.Debug|Any CPU.ActiveCfg = Debug|Any CPU
		{3B60034A-3585-4E85-84F2-2D46B343E235}.Debug|Any CPU.Build.0 = Debug|Any CPU
		{3B60034A-3585-4E85-84F2-2D46B343E235}.Debug|Any CPU.Deploy.0 = Debug|Any CPU
		{3B60034A-3585-4E85-84F2-2D46B343E235}.Debug|ARM.ActiveCfg = Debug|Any CPU
		{3B60034A-3585-4E85-84F2-2D46B343E235}.Debug|ARM.Build.0 = Debug|Any CPU
		{3B60034A-3585-4E85-84F2-2D46B343E235}.Debug|ARM.Deploy.0 = Debug|Any CPU
		{3B60034A-3585-4E85-84F2-2D46B343E235}.Debug|x64.ActiveCfg = Debug|Any CPU
		{3B60034A-3585-4E85-84F2-2D46B343E235}.Debug|x64.Build.0 = Debug|Any CPU
		{3B60034A-3585-4E85-84F2-2D46B343E235}.Debug|x64.Deploy.0 = Debug|Any CPU
		{3B60034A-3585-4E85-84F2-2D46B343E235}.Debug|x86.ActiveCfg = Debug|Any CPU
		{3B60034A-3585-4E85-84F2-2D46B343E235}.Debug|x86.Build.0 = Debug|Any CPU
		{3B60034A-3585-4E85-84F2-2D46B343E235}.Debug|x86.Deploy.0 = Debug|Any CPU
		{3B60034A-3585-4E85-84F2-2D46B343E235}.Release|Any CPU.ActiveCfg = Release|Any CPU
		{3B60034A-3585-4E85-84F2-2D46B343E235}.Release|Any CPU.Build.0 = Release|Any CPU
		{3B60034A-3585-4E85-84F2-2D46B343E235}.Release|Any CPU.Deploy.0 = Release|Any CPU
		{3B60034A-3585-4E85-84F2-2D46B343E235}.Release|ARM.ActiveCfg = Release|Any CPU
		{3B60034A-3585-4E85-84F2-2D46B343E235}.Release|ARM.Build.0 = Release|Any CPU
		{3B60034A-3585-4E85-84F2-2D46B343E235}.Release|ARM.Deploy.0 = Release|Any CPU
		{3B60034A-3585-4E85-84F2-2D46B343E235}.Release|x64.ActiveCfg = Release|Any CPU
		{3B60034A-3585-4E85-84F2-2D46B343E235}.Release|x64.Build.0 = Release|Any CPU
		{3B60034A-3585-4E85-84F2-2D46B343E235}.Release|x64.Deploy.0 = Release|Any CPU
		{3B60034A-3585-4E85-84F2-2D46B343E235}.Release|x86.ActiveCfg = Release|Any CPU
		{3B60034A-3585-4E85-84F2-2D46B343E235}.Release|x86.Build.0 = Release|Any CPU
		{3B60034A-3585-4E85-84F2-2D46B343E235}.Release|x86.Deploy.0 = Release|Any CPU
		{FA73D6A7-0BB6-44B6-A082-C131F29ECA4C}.Debug|Any CPU.ActiveCfg = Debug|Any CPU
		{FA73D6A7-0BB6-44B6-A082-C131F29ECA4C}.Debug|Any CPU.Build.0 = Debug|Any CPU
		{FA73D6A7-0BB6-44B6-A082-C131F29ECA4C}.Debug|ARM.ActiveCfg = Debug|Any CPU
		{FA73D6A7-0BB6-44B6-A082-C131F29ECA4C}.Debug|ARM.Build.0 = Debug|Any CPU
		{FA73D6A7-0BB6-44B6-A082-C131F29ECA4C}.Debug|x64.ActiveCfg = Debug|Any CPU
		{FA73D6A7-0BB6-44B6-A082-C131F29ECA4C}.Debug|x64.Build.0 = Debug|Any CPU
		{FA73D6A7-0BB6-44B6-A082-C131F29ECA4C}.Debug|x86.ActiveCfg = Debug|Any CPU
		{FA73D6A7-0BB6-44B6-A082-C131F29ECA4C}.Debug|x86.Build.0 = Debug|Any CPU
		{FA73D6A7-0BB6-44B6-A082-C131F29ECA4C}.Release|Any CPU.ActiveCfg = Release|Any CPU
		{FA73D6A7-0BB6-44B6-A082-C131F29ECA4C}.Release|Any CPU.Build.0 = Release|Any CPU
		{FA73D6A7-0BB6-44B6-A082-C131F29ECA4C}.Release|ARM.ActiveCfg = Release|Any CPU
		{FA73D6A7-0BB6-44B6-A082-C131F29ECA4C}.Release|ARM.Build.0 = Release|Any CPU
		{FA73D6A7-0BB6-44B6-A082-C131F29ECA4C}.Release|x64.ActiveCfg = Release|Any CPU
		{FA73D6A7-0BB6-44B6-A082-C131F29ECA4C}.Release|x64.Build.0 = Release|Any CPU
		{FA73D6A7-0BB6-44B6-A082-C131F29ECA4C}.Release|x86.ActiveCfg = Release|Any CPU
		{FA73D6A7-0BB6-44B6-A082-C131F29ECA4C}.Release|x86.Build.0 = Release|Any CPU
		{CD9C99CB-DC8C-48FA-9B89-4B8BC53DA3CF}.Debug|Any CPU.ActiveCfg = Debug|Any CPU
		{CD9C99CB-DC8C-48FA-9B89-4B8BC53DA3CF}.Debug|Any CPU.Build.0 = Debug|Any CPU
		{CD9C99CB-DC8C-48FA-9B89-4B8BC53DA3CF}.Debug|ARM.ActiveCfg = Debug|Any CPU
		{CD9C99CB-DC8C-48FA-9B89-4B8BC53DA3CF}.Debug|ARM.Build.0 = Debug|Any CPU
		{CD9C99CB-DC8C-48FA-9B89-4B8BC53DA3CF}.Debug|x64.ActiveCfg = Debug|Any CPU
		{CD9C99CB-DC8C-48FA-9B89-4B8BC53DA3CF}.Debug|x64.Build.0 = Debug|Any CPU
		{CD9C99CB-DC8C-48FA-9B89-4B8BC53DA3CF}.Debug|x86.ActiveCfg = Debug|Any CPU
		{CD9C99CB-DC8C-48FA-9B89-4B8BC53DA3CF}.Debug|x86.Build.0 = Debug|Any CPU
		{CD9C99CB-DC8C-48FA-9B89-4B8BC53DA3CF}.Release|Any CPU.ActiveCfg = Release|Any CPU
		{CD9C99CB-DC8C-48FA-9B89-4B8BC53DA3CF}.Release|Any CPU.Build.0 = Release|Any CPU
		{CD9C99CB-DC8C-48FA-9B89-4B8BC53DA3CF}.Release|ARM.ActiveCfg = Release|Any CPU
		{CD9C99CB-DC8C-48FA-9B89-4B8BC53DA3CF}.Release|ARM.Build.0 = Release|Any CPU
		{CD9C99CB-DC8C-48FA-9B89-4B8BC53DA3CF}.Release|x64.ActiveCfg = Release|Any CPU
		{CD9C99CB-DC8C-48FA-9B89-4B8BC53DA3CF}.Release|x64.Build.0 = Release|Any CPU
		{CD9C99CB-DC8C-48FA-9B89-4B8BC53DA3CF}.Release|x86.ActiveCfg = Release|Any CPU
		{CD9C99CB-DC8C-48FA-9B89-4B8BC53DA3CF}.Release|x86.Build.0 = Release|Any CPU
		{B15DE2C5-E2BC-40AA-A442-70F8A16D8783}.Debug|Any CPU.ActiveCfg = Debug|Any CPU
		{B15DE2C5-E2BC-40AA-A442-70F8A16D8783}.Debug|Any CPU.Build.0 = Debug|Any CPU
		{B15DE2C5-E2BC-40AA-A442-70F8A16D8783}.Debug|ARM.ActiveCfg = Debug|Any CPU
		{B15DE2C5-E2BC-40AA-A442-70F8A16D8783}.Debug|ARM.Build.0 = Debug|Any CPU
		{B15DE2C5-E2BC-40AA-A442-70F8A16D8783}.Debug|x64.ActiveCfg = Debug|Any CPU
		{B15DE2C5-E2BC-40AA-A442-70F8A16D8783}.Debug|x64.Build.0 = Debug|Any CPU
		{B15DE2C5-E2BC-40AA-A442-70F8A16D8783}.Debug|x86.ActiveCfg = Debug|Any CPU
		{B15DE2C5-E2BC-40AA-A442-70F8A16D8783}.Debug|x86.Build.0 = Debug|Any CPU
		{B15DE2C5-E2BC-40AA-A442-70F8A16D8783}.Release|Any CPU.ActiveCfg = Release|Any CPU
		{B15DE2C5-E2BC-40AA-A442-70F8A16D8783}.Release|Any CPU.Build.0 = Release|Any CPU
		{B15DE2C5-E2BC-40AA-A442-70F8A16D8783}.Release|ARM.ActiveCfg = Release|Any CPU
		{B15DE2C5-E2BC-40AA-A442-70F8A16D8783}.Release|ARM.Build.0 = Release|Any CPU
		{B15DE2C5-E2BC-40AA-A442-70F8A16D8783}.Release|x64.ActiveCfg = Release|Any CPU
		{B15DE2C5-E2BC-40AA-A442-70F8A16D8783}.Release|x64.Build.0 = Release|Any CPU
		{B15DE2C5-E2BC-40AA-A442-70F8A16D8783}.Release|x86.ActiveCfg = Release|Any CPU
		{B15DE2C5-E2BC-40AA-A442-70F8A16D8783}.Release|x86.Build.0 = Release|Any CPU
		{809279F1-7F4F-4F01-8D18-D25F246158E0}.Debug|Any CPU.ActiveCfg = Debug|Any CPU
		{809279F1-7F4F-4F01-8D18-D25F246158E0}.Debug|Any CPU.Build.0 = Debug|Any CPU
		{809279F1-7F4F-4F01-8D18-D25F246158E0}.Debug|ARM.ActiveCfg = Debug|Any CPU
		{809279F1-7F4F-4F01-8D18-D25F246158E0}.Debug|ARM.Build.0 = Debug|Any CPU
		{809279F1-7F4F-4F01-8D18-D25F246158E0}.Debug|x64.ActiveCfg = Debug|Any CPU
		{809279F1-7F4F-4F01-8D18-D25F246158E0}.Debug|x64.Build.0 = Debug|Any CPU
		{809279F1-7F4F-4F01-8D18-D25F246158E0}.Debug|x86.ActiveCfg = Debug|Any CPU
		{809279F1-7F4F-4F01-8D18-D25F246158E0}.Debug|x86.Build.0 = Debug|Any CPU
		{809279F1-7F4F-4F01-8D18-D25F246158E0}.Release|Any CPU.ActiveCfg = Release|Any CPU
		{809279F1-7F4F-4F01-8D18-D25F246158E0}.Release|Any CPU.Build.0 = Release|Any CPU
		{809279F1-7F4F-4F01-8D18-D25F246158E0}.Release|ARM.ActiveCfg = Release|Any CPU
		{809279F1-7F4F-4F01-8D18-D25F246158E0}.Release|ARM.Build.0 = Release|Any CPU
		{809279F1-7F4F-4F01-8D18-D25F246158E0}.Release|x64.ActiveCfg = Release|Any CPU
		{809279F1-7F4F-4F01-8D18-D25F246158E0}.Release|x64.Build.0 = Release|Any CPU
		{809279F1-7F4F-4F01-8D18-D25F246158E0}.Release|x86.ActiveCfg = Release|Any CPU
		{809279F1-7F4F-4F01-8D18-D25F246158E0}.Release|x86.Build.0 = Release|Any CPU
		{B2AB0B5B-B5AB-4C42-8292-A3CC1A8A3453}.Debug|Any CPU.ActiveCfg = Debug|Any CPU
		{B2AB0B5B-B5AB-4C42-8292-A3CC1A8A3453}.Debug|Any CPU.Build.0 = Debug|Any CPU
		{B2AB0B5B-B5AB-4C42-8292-A3CC1A8A3453}.Debug|ARM.ActiveCfg = Debug|Any CPU
		{B2AB0B5B-B5AB-4C42-8292-A3CC1A8A3453}.Debug|ARM.Build.0 = Debug|Any CPU
		{B2AB0B5B-B5AB-4C42-8292-A3CC1A8A3453}.Debug|x64.ActiveCfg = Debug|Any CPU
		{B2AB0B5B-B5AB-4C42-8292-A3CC1A8A3453}.Debug|x64.Build.0 = Debug|Any CPU
		{B2AB0B5B-B5AB-4C42-8292-A3CC1A8A3453}.Debug|x86.ActiveCfg = Debug|Any CPU
		{B2AB0B5B-B5AB-4C42-8292-A3CC1A8A3453}.Debug|x86.Build.0 = Debug|Any CPU
		{B2AB0B5B-B5AB-4C42-8292-A3CC1A8A3453}.Release|Any CPU.ActiveCfg = Release|Any CPU
		{B2AB0B5B-B5AB-4C42-8292-A3CC1A8A3453}.Release|Any CPU.Build.0 = Release|Any CPU
		{B2AB0B5B-B5AB-4C42-8292-A3CC1A8A3453}.Release|ARM.ActiveCfg = Release|Any CPU
		{B2AB0B5B-B5AB-4C42-8292-A3CC1A8A3453}.Release|ARM.Build.0 = Release|Any CPU
		{B2AB0B5B-B5AB-4C42-8292-A3CC1A8A3453}.Release|x64.ActiveCfg = Release|Any CPU
		{B2AB0B5B-B5AB-4C42-8292-A3CC1A8A3453}.Release|x64.Build.0 = Release|Any CPU
		{B2AB0B5B-B5AB-4C42-8292-A3CC1A8A3453}.Release|x86.ActiveCfg = Release|Any CPU
		{B2AB0B5B-B5AB-4C42-8292-A3CC1A8A3453}.Release|x86.Build.0 = Release|Any CPU
		{43D8C204-0FDA-4C95-80C6-11B842D44E0C}.Debug|Any CPU.ActiveCfg = Debug|Any CPU
		{43D8C204-0FDA-4C95-80C6-11B842D44E0C}.Debug|Any CPU.Build.0 = Debug|Any CPU
		{43D8C204-0FDA-4C95-80C6-11B842D44E0C}.Debug|ARM.ActiveCfg = Debug|Any CPU
		{43D8C204-0FDA-4C95-80C6-11B842D44E0C}.Debug|ARM.Build.0 = Debug|Any CPU
		{43D8C204-0FDA-4C95-80C6-11B842D44E0C}.Debug|x64.ActiveCfg = Debug|Any CPU
		{43D8C204-0FDA-4C95-80C6-11B842D44E0C}.Debug|x64.Build.0 = Debug|Any CPU
		{43D8C204-0FDA-4C95-80C6-11B842D44E0C}.Debug|x86.ActiveCfg = Debug|Any CPU
		{43D8C204-0FDA-4C95-80C6-11B842D44E0C}.Debug|x86.Build.0 = Debug|Any CPU
		{43D8C204-0FDA-4C95-80C6-11B842D44E0C}.Release|Any CPU.ActiveCfg = Release|Any CPU
		{43D8C204-0FDA-4C95-80C6-11B842D44E0C}.Release|Any CPU.Build.0 = Release|Any CPU
		{43D8C204-0FDA-4C95-80C6-11B842D44E0C}.Release|ARM.ActiveCfg = Release|Any CPU
		{43D8C204-0FDA-4C95-80C6-11B842D44E0C}.Release|ARM.Build.0 = Release|Any CPU
		{43D8C204-0FDA-4C95-80C6-11B842D44E0C}.Release|x64.ActiveCfg = Release|Any CPU
		{43D8C204-0FDA-4C95-80C6-11B842D44E0C}.Release|x64.Build.0 = Release|Any CPU
		{43D8C204-0FDA-4C95-80C6-11B842D44E0C}.Release|x86.ActiveCfg = Release|Any CPU
		{43D8C204-0FDA-4C95-80C6-11B842D44E0C}.Release|x86.Build.0 = Release|Any CPU
		{B06659F5-7EAE-42FB-A2C9-A7A72E634576}.Debug|Any CPU.ActiveCfg = Debug|Any CPU
		{B06659F5-7EAE-42FB-A2C9-A7A72E634576}.Debug|Any CPU.Build.0 = Debug|Any CPU
		{B06659F5-7EAE-42FB-A2C9-A7A72E634576}.Debug|ARM.ActiveCfg = Debug|Any CPU
		{B06659F5-7EAE-42FB-A2C9-A7A72E634576}.Debug|ARM.Build.0 = Debug|Any CPU
		{B06659F5-7EAE-42FB-A2C9-A7A72E634576}.Debug|x64.ActiveCfg = Debug|Any CPU
		{B06659F5-7EAE-42FB-A2C9-A7A72E634576}.Debug|x64.Build.0 = Debug|Any CPU
		{B06659F5-7EAE-42FB-A2C9-A7A72E634576}.Debug|x86.ActiveCfg = Debug|Any CPU
		{B06659F5-7EAE-42FB-A2C9-A7A72E634576}.Debug|x86.Build.0 = Debug|Any CPU
		{B06659F5-7EAE-42FB-A2C9-A7A72E634576}.Release|Any CPU.ActiveCfg = Release|Any CPU
		{B06659F5-7EAE-42FB-A2C9-A7A72E634576}.Release|Any CPU.Build.0 = Release|Any CPU
		{B06659F5-7EAE-42FB-A2C9-A7A72E634576}.Release|ARM.ActiveCfg = Release|Any CPU
		{B06659F5-7EAE-42FB-A2C9-A7A72E634576}.Release|ARM.Build.0 = Release|Any CPU
		{B06659F5-7EAE-42FB-A2C9-A7A72E634576}.Release|x64.ActiveCfg = Release|Any CPU
		{B06659F5-7EAE-42FB-A2C9-A7A72E634576}.Release|x64.Build.0 = Release|Any CPU
		{B06659F5-7EAE-42FB-A2C9-A7A72E634576}.Release|x86.ActiveCfg = Release|Any CPU
		{B06659F5-7EAE-42FB-A2C9-A7A72E634576}.Release|x86.Build.0 = Release|Any CPU
		{A6F07F24-85DC-4C3F-8464-D323E5B43AA6}.Debug|Any CPU.ActiveCfg = Debug|Any CPU
		{A6F07F24-85DC-4C3F-8464-D323E5B43AA6}.Debug|Any CPU.Build.0 = Debug|Any CPU
		{A6F07F24-85DC-4C3F-8464-D323E5B43AA6}.Debug|ARM.ActiveCfg = Debug|Any CPU
		{A6F07F24-85DC-4C3F-8464-D323E5B43AA6}.Debug|ARM.Build.0 = Debug|Any CPU
		{A6F07F24-85DC-4C3F-8464-D323E5B43AA6}.Debug|x64.ActiveCfg = Debug|Any CPU
		{A6F07F24-85DC-4C3F-8464-D323E5B43AA6}.Debug|x64.Build.0 = Debug|Any CPU
		{A6F07F24-85DC-4C3F-8464-D323E5B43AA6}.Debug|x86.ActiveCfg = Debug|Any CPU
		{A6F07F24-85DC-4C3F-8464-D323E5B43AA6}.Debug|x86.Build.0 = Debug|Any CPU
		{A6F07F24-85DC-4C3F-8464-D323E5B43AA6}.Release|Any CPU.ActiveCfg = Release|Any CPU
		{A6F07F24-85DC-4C3F-8464-D323E5B43AA6}.Release|Any CPU.Build.0 = Release|Any CPU
		{A6F07F24-85DC-4C3F-8464-D323E5B43AA6}.Release|ARM.ActiveCfg = Release|Any CPU
		{A6F07F24-85DC-4C3F-8464-D323E5B43AA6}.Release|ARM.Build.0 = Release|Any CPU
		{A6F07F24-85DC-4C3F-8464-D323E5B43AA6}.Release|x64.ActiveCfg = Release|Any CPU
		{A6F07F24-85DC-4C3F-8464-D323E5B43AA6}.Release|x64.Build.0 = Release|Any CPU
		{A6F07F24-85DC-4C3F-8464-D323E5B43AA6}.Release|x86.ActiveCfg = Release|Any CPU
		{A6F07F24-85DC-4C3F-8464-D323E5B43AA6}.Release|x86.Build.0 = Release|Any CPU
		{E52086FC-2956-46B6-9815-4056B11C4C02}.Debug|Any CPU.ActiveCfg = Debug|Any CPU
		{E52086FC-2956-46B6-9815-4056B11C4C02}.Debug|Any CPU.Build.0 = Debug|Any CPU
		{E52086FC-2956-46B6-9815-4056B11C4C02}.Debug|ARM.ActiveCfg = Debug|Any CPU
		{E52086FC-2956-46B6-9815-4056B11C4C02}.Debug|ARM.Build.0 = Debug|Any CPU
		{E52086FC-2956-46B6-9815-4056B11C4C02}.Debug|x64.ActiveCfg = Debug|Any CPU
		{E52086FC-2956-46B6-9815-4056B11C4C02}.Debug|x64.Build.0 = Debug|Any CPU
		{E52086FC-2956-46B6-9815-4056B11C4C02}.Debug|x86.ActiveCfg = Debug|Any CPU
		{E52086FC-2956-46B6-9815-4056B11C4C02}.Debug|x86.Build.0 = Debug|Any CPU
		{E52086FC-2956-46B6-9815-4056B11C4C02}.Release|Any CPU.ActiveCfg = Release|Any CPU
		{E52086FC-2956-46B6-9815-4056B11C4C02}.Release|Any CPU.Build.0 = Release|Any CPU
		{E52086FC-2956-46B6-9815-4056B11C4C02}.Release|ARM.ActiveCfg = Release|Any CPU
		{E52086FC-2956-46B6-9815-4056B11C4C02}.Release|ARM.Build.0 = Release|Any CPU
		{E52086FC-2956-46B6-9815-4056B11C4C02}.Release|x64.ActiveCfg = Release|Any CPU
		{E52086FC-2956-46B6-9815-4056B11C4C02}.Release|x64.Build.0 = Release|Any CPU
		{E52086FC-2956-46B6-9815-4056B11C4C02}.Release|x86.ActiveCfg = Release|Any CPU
		{E52086FC-2956-46B6-9815-4056B11C4C02}.Release|x86.Build.0 = Release|Any CPU
		{0BDF12F4-CACA-444B-9E8B-146D55C37CE1}.Debug|Any CPU.ActiveCfg = Debug|Any CPU
		{0BDF12F4-CACA-444B-9E8B-146D55C37CE1}.Debug|Any CPU.Build.0 = Debug|Any CPU
		{0BDF12F4-CACA-444B-9E8B-146D55C37CE1}.Debug|ARM.ActiveCfg = Debug|Any CPU
		{0BDF12F4-CACA-444B-9E8B-146D55C37CE1}.Debug|ARM.Build.0 = Debug|Any CPU
		{0BDF12F4-CACA-444B-9E8B-146D55C37CE1}.Debug|x64.ActiveCfg = Debug|Any CPU
		{0BDF12F4-CACA-444B-9E8B-146D55C37CE1}.Debug|x64.Build.0 = Debug|Any CPU
		{0BDF12F4-CACA-444B-9E8B-146D55C37CE1}.Debug|x86.ActiveCfg = Debug|Any CPU
		{0BDF12F4-CACA-444B-9E8B-146D55C37CE1}.Debug|x86.Build.0 = Debug|Any CPU
		{0BDF12F4-CACA-444B-9E8B-146D55C37CE1}.Release|Any CPU.ActiveCfg = Release|Any CPU
		{0BDF12F4-CACA-444B-9E8B-146D55C37CE1}.Release|Any CPU.Build.0 = Release|Any CPU
		{0BDF12F4-CACA-444B-9E8B-146D55C37CE1}.Release|ARM.ActiveCfg = Release|Any CPU
		{0BDF12F4-CACA-444B-9E8B-146D55C37CE1}.Release|ARM.Build.0 = Release|Any CPU
		{0BDF12F4-CACA-444B-9E8B-146D55C37CE1}.Release|x64.ActiveCfg = Release|Any CPU
		{0BDF12F4-CACA-444B-9E8B-146D55C37CE1}.Release|x64.Build.0 = Release|Any CPU
		{0BDF12F4-CACA-444B-9E8B-146D55C37CE1}.Release|x86.ActiveCfg = Release|Any CPU
		{0BDF12F4-CACA-444B-9E8B-146D55C37CE1}.Release|x86.Build.0 = Release|Any CPU
	EndGlobalSection
	GlobalSection(SolutionProperties) = preSolution
		HideSolutionNode = FALSE
	EndGlobalSection
	GlobalSection(NestedProjects) = preSolution
		{E3DD8BC6-7019-49FC-8BB3-61E4BB5F82DF} = {2A00B2F4-578F-4513-87A7-F070C9BBD022}
		{3C95547D-F2BB-461B-B017-1DB0CD6B159A} = {2A00B2F4-578F-4513-87A7-F070C9BBD022}
		{3B60034A-3585-4E85-84F2-2D46B343E235} = {2A00B2F4-578F-4513-87A7-F070C9BBD022}
		{FA73D6A7-0BB6-44B6-A082-C131F29ECA4C} = {7BBB9187-B81A-40A9-9564-8C5C729076D7}
		{CD9C99CB-DC8C-48FA-9B89-4B8BC53DA3CF} = {1A2D30C5-7EED-4FBD-831E-EB554B081112}
		{B15DE2C5-E2BC-40AA-A442-70F8A16D8783} = {76257145-EAFF-4CC6-8E7F-9A6BCCE6FF60}
		{809279F1-7F4F-4F01-8D18-D25F246158E0} = {2A00B2F4-578F-4513-87A7-F070C9BBD022}
		{B2AB0B5B-B5AB-4C42-8292-A3CC1A8A3453} = {2A00B2F4-578F-4513-87A7-F070C9BBD022}
		{43D8C204-0FDA-4C95-80C6-11B842D44E0C} = {76257145-EAFF-4CC6-8E7F-9A6BCCE6FF60}
		{B06659F5-7EAE-42FB-A2C9-A7A72E634576} = {7BBB9187-B81A-40A9-9564-8C5C729076D7}
		{A6F07F24-85DC-4C3F-8464-D323E5B43AA6} = {2A00B2F4-578F-4513-87A7-F070C9BBD022}
		{E52086FC-2956-46B6-9815-4056B11C4C02} = {76257145-EAFF-4CC6-8E7F-9A6BCCE6FF60}
		{0BDF12F4-CACA-444B-9E8B-146D55C37CE1} = {76257145-EAFF-4CC6-8E7F-9A6BCCE6FF60}
	EndGlobalSection
	GlobalSection(ExtensibilityGlobals) = postSolution
		RESX_SaveFilesImmediatelyUponChange = True
		RESX_NeutralResourcesLanguage = en-150
		SolutionGuid = {98FE19EA-81D2-471D-9D59-52F6F0340684}
	EndGlobalSection
EndGlobal
